// !$*UTF8*$!
{
	archiveVersion = 1;
	classes = {
	};
	objectVersion = 55;
	objects = {

/* Begin PBXBuildFile section */
		6E23039E281934F7005815D4 /* ContaHomeApp.swift in Sources */ = {isa = PBXBuildFile; fileRef = 6E23039D281934F7005815D4 /* ContaHomeApp.swift */; };
		6E2303A0281934F7005815D4 /* ContentView.swift in Sources */ = {isa = PBXBuildFile; fileRef = 6E23039F281934F7005815D4 /* ContentView.swift */; };
		6E2303A2281934F8005815D4 /* Assets.xcassets in Resources */ = {isa = PBXBuildFile; fileRef = 6E2303A1281934F8005815D4 /* Assets.xcassets */; };
		6E2303A5281934F8005815D4 /* Preview Assets.xcassets in Resources */ = {isa = PBXBuildFile; fileRef = 6E2303A4281934F8005815D4 /* Preview Assets.xcassets */; };
		6E2303B0281934F9005815D4 /* ContaHomeTests.swift in Sources */ = {isa = PBXBuildFile; fileRef = 6E2303AF281934F9005815D4 /* ContaHomeTests.swift */; };
		6E2303BA281934F9005815D4 /* ContaHomeUITests.swift in Sources */ = {isa = PBXBuildFile; fileRef = 6E2303B9281934F9005815D4 /* ContaHomeUITests.swift */; };
		6E2303BC281934F9005815D4 /* ContaHomeUITestsLaunchTests.swift in Sources */ = {isa = PBXBuildFile; fileRef = 6E2303BB281934F9005815D4 /* ContaHomeUITestsLaunchTests.swift */; };
		6E2303CA281935F0005815D4 /* Account.swift in Sources */ = {isa = PBXBuildFile; fileRef = 6E2303C9281935F0005815D4 /* Account.swift */; };
		6E2303D2281939C4005815D4 /* AccountRow.swift in Sources */ = {isa = PBXBuildFile; fileRef = 6E2303D1281939C4005815D4 /* AccountRow.swift */; };
		6E2303D428193B4F005815D4 /* AccountList.swift in Sources */ = {isa = PBXBuildFile; fileRef = 6E2303D328193B4F005815D4 /* AccountList.swift */; };
		6E2303D628193C9E005815D4 /* AccountDetail.swift in Sources */ = {isa = PBXBuildFile; fileRef = 6E2303D528193C9E005815D4 /* AccountDetail.swift */; };
		6E2303D828193F21005815D4 /* Posting.swift in Sources */ = {isa = PBXBuildFile; fileRef = 6E2303D728193F21005815D4 /* Posting.swift */; };
		6E2303DC2819496A005815D4 /* PostingDebitRow.swift in Sources */ = {isa = PBXBuildFile; fileRef = 6E2303DB2819496A005815D4 /* PostingDebitRow.swift */; };
		6E42662E2822C11A00DFE45D /* ContentView1.swift in Sources */ = {isa = PBXBuildFile; fileRef = 6E42662D2822C11A00DFE45D /* ContentView1.swift */; };
		6E4266302822D39100DFE45D /* AccountGroup.swift in Sources */ = {isa = PBXBuildFile; fileRef = 6E42662F2822D39100DFE45D /* AccountGroup.swift */; };
		6E4266322822D7A900DFE45D /* GroupRow.swift in Sources */ = {isa = PBXBuildFile; fileRef = 6E4266312822D7A900DFE45D /* GroupRow.swift */; };
		6E4266342822DAE000DFE45D /* GroupList.swift in Sources */ = {isa = PBXBuildFile; fileRef = 6E4266332822DAE000DFE45D /* GroupList.swift */; };
		6E4266362822DC8100DFE45D /* GroupDetail.swift in Sources */ = {isa = PBXBuildFile; fileRef = 6E4266352822DC8100DFE45D /* GroupDetail.swift */; };
		6E4E5CAE281A99DC00010D7D /* PostingCreditRow.swift in Sources */ = {isa = PBXBuildFile; fileRef = 6E4E5CAD281A99DC00010D7D /* PostingCreditRow.swift */; };
		6E9B7306281AE2F800F63942 /* PostingEditRow.swift in Sources */ = {isa = PBXBuildFile; fileRef = 6E9B7305281AE2F800F63942 /* PostingEditRow.swift */; };
/* End PBXBuildFile section */

/* Begin PBXContainerItemProxy section */
		6E2303AC281934F9005815D4 /* PBXContainerItemProxy */ = {
			isa = PBXContainerItemProxy;
			containerPortal = 6E230392281934F7005815D4 /* Project object */;
			proxyType = 1;
			remoteGlobalIDString = 6E230399281934F7005815D4;
			remoteInfo = ContaHome;
		};
		6E2303B6281934F9005815D4 /* PBXContainerItemProxy */ = {
			isa = PBXContainerItemProxy;
			containerPortal = 6E230392281934F7005815D4 /* Project object */;
			proxyType = 1;
			remoteGlobalIDString = 6E230399281934F7005815D4;
			remoteInfo = ContaHome;
		};
/* End PBXContainerItemProxy section */

/* Begin PBXFileReference section */
		6E23039A281934F7005815D4 /* ContaHome.app */ = {isa = PBXFileReference; explicitFileType = wrapper.application; includeInIndex = 0; path = ContaHome.app; sourceTree = BUILT_PRODUCTS_DIR; };
		6E23039D281934F7005815D4 /* ContaHomeApp.swift */ = {isa = PBXFileReference; lastKnownFileType = sourcecode.swift; path = ContaHomeApp.swift; sourceTree = "<group>"; };
		6E23039F281934F7005815D4 /* ContentView.swift */ = {isa = PBXFileReference; lastKnownFileType = sourcecode.swift; path = ContentView.swift; sourceTree = "<group>"; };
		6E2303A1281934F8005815D4 /* Assets.xcassets */ = {isa = PBXFileReference; lastKnownFileType = folder.assetcatalog; path = Assets.xcassets; sourceTree = "<group>"; };
		6E2303A4281934F8005815D4 /* Preview Assets.xcassets */ = {isa = PBXFileReference; lastKnownFileType = folder.assetcatalog; path = "Preview Assets.xcassets"; sourceTree = "<group>"; };
		6E2303A6281934F8005815D4 /* ContaHome.entitlements */ = {isa = PBXFileReference; lastKnownFileType = text.plist.entitlements; path = ContaHome.entitlements; sourceTree = "<group>"; };
		6E2303AB281934F9005815D4 /* ContaHomeTests.xctest */ = {isa = PBXFileReference; explicitFileType = wrapper.cfbundle; includeInIndex = 0; path = ContaHomeTests.xctest; sourceTree = BUILT_PRODUCTS_DIR; };
		6E2303AF281934F9005815D4 /* ContaHomeTests.swift */ = {isa = PBXFileReference; lastKnownFileType = sourcecode.swift; path = ContaHomeTests.swift; sourceTree = "<group>"; };
		6E2303B5281934F9005815D4 /* ContaHomeUITests.xctest */ = {isa = PBXFileReference; explicitFileType = wrapper.cfbundle; includeInIndex = 0; path = ContaHomeUITests.xctest; sourceTree = BUILT_PRODUCTS_DIR; };
		6E2303B9281934F9005815D4 /* ContaHomeUITests.swift */ = {isa = PBXFileReference; lastKnownFileType = sourcecode.swift; path = ContaHomeUITests.swift; sourceTree = "<group>"; };
		6E2303BB281934F9005815D4 /* ContaHomeUITestsLaunchTests.swift */ = {isa = PBXFileReference; lastKnownFileType = sourcecode.swift; path = ContaHomeUITestsLaunchTests.swift; sourceTree = "<group>"; };
		6E2303C9281935F0005815D4 /* Account.swift */ = {isa = PBXFileReference; lastKnownFileType = sourcecode.swift; path = Account.swift; sourceTree = "<group>"; };
		6E2303D1281939C4005815D4 /* AccountRow.swift */ = {isa = PBXFileReference; lastKnownFileType = sourcecode.swift; path = AccountRow.swift; sourceTree = "<group>"; };
		6E2303D328193B4F005815D4 /* AccountList.swift */ = {isa = PBXFileReference; lastKnownFileType = sourcecode.swift; path = AccountList.swift; sourceTree = "<group>"; };
		6E2303D528193C9E005815D4 /* AccountDetail.swift */ = {isa = PBXFileReference; lastKnownFileType = sourcecode.swift; path = AccountDetail.swift; sourceTree = "<group>"; };
		6E2303D728193F21005815D4 /* Posting.swift */ = {isa = PBXFileReference; lastKnownFileType = sourcecode.swift; path = Posting.swift; sourceTree = "<group>"; };
		6E2303DB2819496A005815D4 /* PostingDebitRow.swift */ = {isa = PBXFileReference; lastKnownFileType = sourcecode.swift; path = PostingDebitRow.swift; sourceTree = "<group>"; };
		6E42662D2822C11A00DFE45D /* ContentView1.swift */ = {isa = PBXFileReference; lastKnownFileType = sourcecode.swift; path = ContentView1.swift; sourceTree = "<group>"; };
		6E42662F2822D39100DFE45D /* AccountGroup.swift */ = {isa = PBXFileReference; lastKnownFileType = sourcecode.swift; path = AccountGroup.swift; sourceTree = "<group>"; };
		6E4266312822D7A900DFE45D /* GroupRow.swift */ = {isa = PBXFileReference; lastKnownFileType = sourcecode.swift; path = GroupRow.swift; sourceTree = "<group>"; };
		6E4266332822DAE000DFE45D /* GroupList.swift */ = {isa = PBXFileReference; lastKnownFileType = sourcecode.swift; path = GroupList.swift; sourceTree = "<group>"; };
		6E4266352822DC8100DFE45D /* GroupDetail.swift */ = {isa = PBXFileReference; lastKnownFileType = sourcecode.swift; path = GroupDetail.swift; sourceTree = "<group>"; };
		6E4E5CAD281A99DC00010D7D /* PostingCreditRow.swift */ = {isa = PBXFileReference; lastKnownFileType = sourcecode.swift; path = PostingCreditRow.swift; sourceTree = "<group>"; };
		6E9B7305281AE2F800F63942 /* PostingEditRow.swift */ = {isa = PBXFileReference; lastKnownFileType = sourcecode.swift; path = PostingEditRow.swift; sourceTree = "<group>"; };
/* End PBXFileReference section */

/* Begin PBXFrameworksBuildPhase section */
		6E230397281934F7005815D4 /* Frameworks */ = {
			isa = PBXFrameworksBuildPhase;
			buildActionMask = 2147483647;
			files = (
			);
			runOnlyForDeploymentPostprocessing = 0;
		};
		6E2303A8281934F9005815D4 /* Frameworks */ = {
			isa = PBXFrameworksBuildPhase;
			buildActionMask = 2147483647;
			files = (
			);
			runOnlyForDeploymentPostprocessing = 0;
		};
		6E2303B2281934F9005815D4 /* Frameworks */ = {
			isa = PBXFrameworksBuildPhase;
			buildActionMask = 2147483647;
			files = (
			);
			runOnlyForDeploymentPostprocessing = 0;
		};
/* End PBXFrameworksBuildPhase section */

/* Begin PBXGroup section */
		6E230391281934F7005815D4 = {
			isa = PBXGroup;
			children = (
				6E23039C281934F7005815D4 /* ContaHome */,
				6E2303AE281934F9005815D4 /* ContaHomeTests */,
				6E2303B8281934F9005815D4 /* ContaHomeUITests */,
				6E23039B281934F7005815D4 /* Products */,
			);
			sourceTree = "<group>";
		};
		6E23039B281934F7005815D4 /* Products */ = {
			isa = PBXGroup;
			children = (
				6E23039A281934F7005815D4 /* ContaHome.app */,
				6E2303AB281934F9005815D4 /* ContaHomeTests.xctest */,
				6E2303B5281934F9005815D4 /* ContaHomeUITests.xctest */,
			);
			name = Products;
			sourceTree = "<group>";
		};
		6E23039C281934F7005815D4 /* ContaHome */ = {
			isa = PBXGroup;
			children = (
				6E23039D281934F7005815D4 /* ContaHomeApp.swift */,
				6E23039F281934F7005815D4 /* ContentView.swift */,
				6E42662D2822C11A00DFE45D /* ContentView1.swift */,
				6E2303D028193995005815D4 /* Views */,
				6E2303C8281935B5005815D4 /* Models */,
				6E2303A1281934F8005815D4 /* Assets.xcassets */,
				6E2303A6281934F8005815D4 /* ContaHome.entitlements */,
				6E2303A3281934F8005815D4 /* Preview Content */,
			);
			path = ContaHome;
			sourceTree = "<group>";
		};
		6E2303A3281934F8005815D4 /* Preview Content */ = {
			isa = PBXGroup;
			children = (
				6E2303A4281934F8005815D4 /* Preview Assets.xcassets */,
			);
			path = "Preview Content";
			sourceTree = "<group>";
		};
		6E2303AE281934F9005815D4 /* ContaHomeTests */ = {
			isa = PBXGroup;
			children = (
				6E2303AF281934F9005815D4 /* ContaHomeTests.swift */,
			);
			path = ContaHomeTests;
			sourceTree = "<group>";
		};
		6E2303B8281934F9005815D4 /* ContaHomeUITests */ = {
			isa = PBXGroup;
			children = (
				6E2303B9281934F9005815D4 /* ContaHomeUITests.swift */,
				6E2303BB281934F9005815D4 /* ContaHomeUITestsLaunchTests.swift */,
			);
			path = ContaHomeUITests;
			sourceTree = "<group>";
		};
		6E2303C8281935B5005815D4 /* Models */ = {
			isa = PBXGroup;
			children = (
				6E2303C9281935F0005815D4 /* Account.swift */,
				6E2303D728193F21005815D4 /* Posting.swift */,
				6E42662F2822D39100DFE45D /* AccountGroup.swift */,
			);
			path = Models;
			sourceTree = "<group>";
		};
		6E2303D028193995005815D4 /* Views */ = {
			isa = PBXGroup;
			children = (
				6E2303D1281939C4005815D4 /* AccountRow.swift */,
				6E2303D328193B4F005815D4 /* AccountList.swift */,
				6E2303D528193C9E005815D4 /* AccountDetail.swift */,
				6E2303DB2819496A005815D4 /* PostingDebitRow.swift */,
				6E4E5CAD281A99DC00010D7D /* PostingCreditRow.swift */,
				6E9B7305281AE2F800F63942 /* PostingEditRow.swift */,
				6E4266312822D7A900DFE45D /* GroupRow.swift */,
				6E4266332822DAE000DFE45D /* GroupList.swift */,
				6E4266352822DC8100DFE45D /* GroupDetail.swift */,
			);
			path = Views;
			sourceTree = "<group>";
		};
/* End PBXGroup section */

/* Begin PBXNativeTarget section */
		6E230399281934F7005815D4 /* ContaHome */ = {
			isa = PBXNativeTarget;
			buildConfigurationList = 6E2303BF281934F9005815D4 /* Build configuration list for PBXNativeTarget "ContaHome" */;
			buildPhases = (
				6E230396281934F7005815D4 /* Sources */,
				6E230397281934F7005815D4 /* Frameworks */,
				6E230398281934F7005815D4 /* Resources */,
			);
			buildRules = (
			);
			dependencies = (
			);
			name = ContaHome;
			productName = ContaHome;
			productReference = 6E23039A281934F7005815D4 /* ContaHome.app */;
			productType = "com.apple.product-type.application";
		};
		6E2303AA281934F9005815D4 /* ContaHomeTests */ = {
			isa = PBXNativeTarget;
			buildConfigurationList = 6E2303C2281934F9005815D4 /* Build configuration list for PBXNativeTarget "ContaHomeTests" */;
			buildPhases = (
				6E2303A7281934F9005815D4 /* Sources */,
				6E2303A8281934F9005815D4 /* Frameworks */,
				6E2303A9281934F9005815D4 /* Resources */,
			);
			buildRules = (
			);
			dependencies = (
				6E2303AD281934F9005815D4 /* PBXTargetDependency */,
			);
			name = ContaHomeTests;
			productName = ContaHomeTests;
			productReference = 6E2303AB281934F9005815D4 /* ContaHomeTests.xctest */;
			productType = "com.apple.product-type.bundle.unit-test";
		};
		6E2303B4281934F9005815D4 /* ContaHomeUITests */ = {
			isa = PBXNativeTarget;
			buildConfigurationList = 6E2303C5281934F9005815D4 /* Build configuration list for PBXNativeTarget "ContaHomeUITests" */;
			buildPhases = (
				6E2303B1281934F9005815D4 /* Sources */,
				6E2303B2281934F9005815D4 /* Frameworks */,
				6E2303B3281934F9005815D4 /* Resources */,
			);
			buildRules = (
			);
			dependencies = (
				6E2303B7281934F9005815D4 /* PBXTargetDependency */,
			);
			name = ContaHomeUITests;
			productName = ContaHomeUITests;
			productReference = 6E2303B5281934F9005815D4 /* ContaHomeUITests.xctest */;
			productType = "com.apple.product-type.bundle.ui-testing";
		};
/* End PBXNativeTarget section */

/* Begin PBXProject section */
		6E230392281934F7005815D4 /* Project object */ = {
			isa = PBXProject;
			attributes = {
				BuildIndependentTargetsInParallel = 1;
				LastSwiftUpdateCheck = 1330;
				LastUpgradeCheck = 1330;
				TargetAttributes = {
					6E230399281934F7005815D4 = {
						CreatedOnToolsVersion = 13.3.1;
					};
					6E2303AA281934F9005815D4 = {
						CreatedOnToolsVersion = 13.3.1;
						TestTargetID = 6E230399281934F7005815D4;
					};
					6E2303B4281934F9005815D4 = {
						CreatedOnToolsVersion = 13.3.1;
						TestTargetID = 6E230399281934F7005815D4;
					};
				};
			};
			buildConfigurationList = 6E230395281934F7005815D4 /* Build configuration list for PBXProject "ContaHome" */;
			compatibilityVersion = "Xcode 13.0";
			developmentRegion = en;
			hasScannedForEncodings = 0;
			knownRegions = (
				en,
				Base,
			);
			mainGroup = 6E230391281934F7005815D4;
			productRefGroup = 6E23039B281934F7005815D4 /* Products */;
			projectDirPath = "";
			projectRoot = "";
			targets = (
				6E230399281934F7005815D4 /* ContaHome */,
				6E2303AA281934F9005815D4 /* ContaHomeTests */,
				6E2303B4281934F9005815D4 /* ContaHomeUITests */,
			);
		};
/* End PBXProject section */

/* Begin PBXResourcesBuildPhase section */
		6E230398281934F7005815D4 /* Resources */ = {
			isa = PBXResourcesBuildPhase;
			buildActionMask = 2147483647;
			files = (
				6E2303A5281934F8005815D4 /* Preview Assets.xcassets in Resources */,
				6E2303A2281934F8005815D4 /* Assets.xcassets in Resources */,
			);
			runOnlyForDeploymentPostprocessing = 0;
		};
		6E2303A9281934F9005815D4 /* Resources */ = {
			isa = PBXResourcesBuildPhase;
			buildActionMask = 2147483647;
			files = (
			);
			runOnlyForDeploymentPostprocessing = 0;
		};
		6E2303B3281934F9005815D4 /* Resources */ = {
			isa = PBXResourcesBuildPhase;
			buildActionMask = 2147483647;
			files = (
			);
			runOnlyForDeploymentPostprocessing = 0;
		};
/* End PBXResourcesBuildPhase section */

/* Begin PBXSourcesBuildPhase section */
		6E230396281934F7005815D4 /* Sources */ = {
			isa = PBXSourcesBuildPhase;
			buildActionMask = 2147483647;
			files = (
				6E2303A0281934F7005815D4 /* ContentView.swift in Sources */,
				6E9B7306281AE2F800F63942 /* PostingEditRow.swift in Sources */,
				6E4E5CAE281A99DC00010D7D /* PostingCreditRow.swift in Sources */,
				6E2303D628193C9E005815D4 /* AccountDetail.swift in Sources */,
				6E2303D2281939C4005815D4 /* AccountRow.swift in Sources */,
				6E2303D828193F21005815D4 /* Posting.swift in Sources */,
				6E2303DC2819496A005815D4 /* PostingDebitRow.swift in Sources */,
				6E4266302822D39100DFE45D /* AccountGroup.swift in Sources */,
				6E23039E281934F7005815D4 /* ContaHomeApp.swift in Sources */,
				6E42662E2822C11A00DFE45D /* ContentView1.swift in Sources */,
				6E2303CA281935F0005815D4 /* Account.swift in Sources */,
				6E4266362822DC8100DFE45D /* GroupDetail.swift in Sources */,
				6E2303D428193B4F005815D4 /* AccountList.swift in Sources */,
				6E4266322822D7A900DFE45D /* GroupRow.swift in Sources */,
				6E4266342822DAE000DFE45D /* GroupList.swift in Sources */,
			);
			runOnlyForDeploymentPostprocessing = 0;
		};
		6E2303A7281934F9005815D4 /* Sources */ = {
			isa = PBXSourcesBuildPhase;
			buildActionMask = 2147483647;
			files = (
				6E2303B0281934F9005815D4 /* ContaHomeTests.swift in Sources */,
			);
			runOnlyForDeploymentPostprocessing = 0;
		};
		6E2303B1281934F9005815D4 /* Sources */ = {
			isa = PBXSourcesBuildPhase;
			buildActionMask = 2147483647;
			files = (
				6E2303BA281934F9005815D4 /* ContaHomeUITests.swift in Sources */,
				6E2303BC281934F9005815D4 /* ContaHomeUITestsLaunchTests.swift in Sources */,
			);
			runOnlyForDeploymentPostprocessing = 0;
		};
/* End PBXSourcesBuildPhase section */

/* Begin PBXTargetDependency section */
		6E2303AD281934F9005815D4 /* PBXTargetDependency */ = {
			isa = PBXTargetDependency;
			target = 6E230399281934F7005815D4 /* ContaHome */;
			targetProxy = 6E2303AC281934F9005815D4 /* PBXContainerItemProxy */;
		};
		6E2303B7281934F9005815D4 /* PBXTargetDependency */ = {
			isa = PBXTargetDependency;
			target = 6E230399281934F7005815D4 /* ContaHome */;
			targetProxy = 6E2303B6281934F9005815D4 /* PBXContainerItemProxy */;
		};
/* End PBXTargetDependency section */

/* Begin XCBuildConfiguration section */
		6E2303BD281934F9005815D4 /* Debug */ = {
			isa = XCBuildConfiguration;
			buildSettings = {
				ALWAYS_SEARCH_USER_PATHS = NO;
				CLANG_ANALYZER_NONNULL = YES;
				CLANG_ANALYZER_NUMBER_OBJECT_CONVERSION = YES_AGGRESSIVE;
				CLANG_CXX_LANGUAGE_STANDARD = "gnu++17";
				CLANG_ENABLE_MODULES = YES;
				CLANG_ENABLE_OBJC_ARC = YES;
				CLANG_ENABLE_OBJC_WEAK = YES;
				CLANG_WARN_BLOCK_CAPTURE_AUTORELEASING = YES;
				CLANG_WARN_BOOL_CONVERSION = YES;
				CLANG_WARN_COMMA = YES;
				CLANG_WARN_CONSTANT_CONVERSION = YES;
				CLANG_WARN_DEPRECATED_OBJC_IMPLEMENTATIONS = YES;
				CLANG_WARN_DIRECT_OBJC_ISA_USAGE = YES_ERROR;
				CLANG_WARN_DOCUMENTATION_COMMENTS = YES;
				CLANG_WARN_EMPTY_BODY = YES;
				CLANG_WARN_ENUM_CONVERSION = YES;
				CLANG_WARN_INFINITE_RECURSION = YES;
				CLANG_WARN_INT_CONVERSION = YES;
				CLANG_WARN_NON_LITERAL_NULL_CONVERSION = YES;
				CLANG_WARN_OBJC_IMPLICIT_RETAIN_SELF = YES;
				CLANG_WARN_OBJC_LITERAL_CONVERSION = YES;
				CLANG_WARN_OBJC_ROOT_CLASS = YES_ERROR;
				CLANG_WARN_QUOTED_INCLUDE_IN_FRAMEWORK_HEADER = YES;
				CLANG_WARN_RANGE_LOOP_ANALYSIS = YES;
				CLANG_WARN_STRICT_PROTOTYPES = YES;
				CLANG_WARN_SUSPICIOUS_MOVE = YES;
				CLANG_WARN_UNGUARDED_AVAILABILITY = YES_AGGRESSIVE;
				CLANG_WARN_UNREACHABLE_CODE = YES;
				CLANG_WARN__DUPLICATE_METHOD_MATCH = YES;
				COPY_PHASE_STRIP = NO;
				DEBUG_INFORMATION_FORMAT = dwarf;
				ENABLE_STRICT_OBJC_MSGSEND = YES;
				ENABLE_TESTABILITY = YES;
				GCC_C_LANGUAGE_STANDARD = gnu11;
				GCC_DYNAMIC_NO_PIC = NO;
				GCC_NO_COMMON_BLOCKS = YES;
				GCC_OPTIMIZATION_LEVEL = 0;
				GCC_PREPROCESSOR_DEFINITIONS = (
					"DEBUG=1",
					"$(inherited)",
				);
				GCC_WARN_64_TO_32_BIT_CONVERSION = YES;
				GCC_WARN_ABOUT_RETURN_TYPE = YES_ERROR;
				GCC_WARN_UNDECLARED_SELECTOR = YES;
				GCC_WARN_UNINITIALIZED_AUTOS = YES_AGGRESSIVE;
				GCC_WARN_UNUSED_FUNCTION = YES;
				GCC_WARN_UNUSED_VARIABLE = YES;
				MACOSX_DEPLOYMENT_TARGET = 12.3;
				MTL_ENABLE_DEBUG_INFO = INCLUDE_SOURCE;
				MTL_FAST_MATH = YES;
				ONLY_ACTIVE_ARCH = YES;
				SDKROOT = macosx;
				SWIFT_ACTIVE_COMPILATION_CONDITIONS = DEBUG;
				SWIFT_OPTIMIZATION_LEVEL = "-Onone";
			};
			name = Debug;
		};
		6E2303BE281934F9005815D4 /* Release */ = {
			isa = XCBuildConfiguration;
			buildSettings = {
				ALWAYS_SEARCH_USER_PATHS = NO;
				CLANG_ANALYZER_NONNULL = YES;
				CLANG_ANALYZER_NUMBER_OBJECT_CONVERSION = YES_AGGRESSIVE;
				CLANG_CXX_LANGUAGE_STANDARD = "gnu++17";
				CLANG_ENABLE_MODULES = YES;
				CLANG_ENABLE_OBJC_ARC = YES;
				CLANG_ENABLE_OBJC_WEAK = YES;
				CLANG_WARN_BLOCK_CAPTURE_AUTORELEASING = YES;
				CLANG_WARN_BOOL_CONVERSION = YES;
				CLANG_WARN_COMMA = YES;
				CLANG_WARN_CONSTANT_CONVERSION = YES;
				CLANG_WARN_DEPRECATED_OBJC_IMPLEMENTATIONS = YES;
				CLANG_WARN_DIRECT_OBJC_ISA_USAGE = YES_ERROR;
				CLANG_WARN_DOCUMENTATION_COMMENTS = YES;
				CLANG_WARN_EMPTY_BODY = YES;
				CLANG_WARN_ENUM_CONVERSION = YES;
				CLANG_WARN_INFINITE_RECURSION = YES;
				CLANG_WARN_INT_CONVERSION = YES;
				CLANG_WARN_NON_LITERAL_NULL_CONVERSION = YES;
				CLANG_WARN_OBJC_IMPLICIT_RETAIN_SELF = YES;
				CLANG_WARN_OBJC_LITERAL_CONVERSION = YES;
				CLANG_WARN_OBJC_ROOT_CLASS = YES_ERROR;
				CLANG_WARN_QUOTED_INCLUDE_IN_FRAMEWORK_HEADER = YES;
				CLANG_WARN_RANGE_LOOP_ANALYSIS = YES;
				CLANG_WARN_STRICT_PROTOTYPES = YES;
				CLANG_WARN_SUSPICIOUS_MOVE = YES;
				CLANG_WARN_UNGUARDED_AVAILABILITY = YES_AGGRESSIVE;
				CLANG_WARN_UNREACHABLE_CODE = YES;
				CLANG_WARN__DUPLICATE_METHOD_MATCH = YES;
				COPY_PHASE_STRIP = NO;
				DEBUG_INFORMATION_FORMAT = "dwarf-with-dsym";
				ENABLE_NS_ASSERTIONS = NO;
				ENABLE_STRICT_OBJC_MSGSEND = YES;
				GCC_C_LANGUAGE_STANDARD = gnu11;
				GCC_NO_COMMON_BLOCKS = YES;
				GCC_WARN_64_TO_32_BIT_CONVERSION = YES;
				GCC_WARN_ABOUT_RETURN_TYPE = YES_ERROR;
				GCC_WARN_UNDECLARED_SELECTOR = YES;
				GCC_WARN_UNINITIALIZED_AUTOS = YES_AGGRESSIVE;
				GCC_WARN_UNUSED_FUNCTION = YES;
				GCC_WARN_UNUSED_VARIABLE = YES;
				MACOSX_DEPLOYMENT_TARGET = 12.3;
				MTL_ENABLE_DEBUG_INFO = NO;
				MTL_FAST_MATH = YES;
				SDKROOT = macosx;
				SWIFT_COMPILATION_MODE = wholemodule;
				SWIFT_OPTIMIZATION_LEVEL = "-O";
			};
			name = Release;
		};
		6E2303C0281934F9005815D4 /* Debug */ = {
			isa = XCBuildConfiguration;
			buildSettings = {
				ASSETCATALOG_COMPILER_APPICON_NAME = AppIcon;
				ASSETCATALOG_COMPILER_GLOBAL_ACCENT_COLOR_NAME = AccentColor;
				CODE_SIGN_ENTITLEMENTS = ContaHome/ContaHome.entitlements;
				CODE_SIGN_STYLE = Automatic;
				COMBINE_HIDPI_IMAGES = YES;
				CURRENT_PROJECT_VERSION = 1;
				DEVELOPMENT_ASSET_PATHS = "\"ContaHome/Preview Content\"";
				DEVELOPMENT_TEAM = 97YH7XTK2J;
				ENABLE_HARDENED_RUNTIME = YES;
				ENABLE_PREVIEWS = YES;
				GENERATE_INFOPLIST_FILE = YES;
				INFOPLIST_KEY_NSHumanReadableCopyright = "";
				LD_RUNPATH_SEARCH_PATHS = (
					"$(inherited)",
					"@executable_path/../Frameworks",
				);
				MARKETING_VERSION = 1.0;
				PRODUCT_BUNDLE_IDENTIFIER = com.pablo.penalva.ContaHome;
				PRODUCT_NAME = "$(TARGET_NAME)";
				SWIFT_EMIT_LOC_STRINGS = YES;
				SWIFT_VERSION = 5.0;
			};
			name = Debug;
		};
		6E2303C1281934F9005815D4 /* Release */ = {
			isa = XCBuildConfiguration;
			buildSettings = {
				ASSETCATALOG_COMPILER_APPICON_NAME = AppIcon;
				ASSETCATALOG_COMPILER_GLOBAL_ACCENT_COLOR_NAME = AccentColor;
				CODE_SIGN_ENTITLEMENTS = ContaHome/ContaHome.entitlements;
				CODE_SIGN_STYLE = Automatic;
				COMBINE_HIDPI_IMAGES = YES;
				CURRENT_PROJECT_VERSION = 1;
				DEVELOPMENT_ASSET_PATHS = "\"ContaHome/Preview Content\"";
				DEVELOPMENT_TEAM = 97YH7XTK2J;
				ENABLE_HARDENED_RUNTIME = YES;
				ENABLE_PREVIEWS = YES;
				GENERATE_INFOPLIST_FILE = YES;
				INFOPLIST_KEY_NSHumanReadableCopyright = "";
				LD_RUNPATH_SEARCH_PATHS = (
					"$(inherited)",
					"@executable_path/../Frameworks",
				);
				MARKETING_VERSION = 1.0;
				PRODUCT_BUNDLE_IDENTIFIER = com.pablo.penalva.ContaHome;
				PRODUCT_NAME = "$(TARGET_NAME)";
				SWIFT_EMIT_LOC_STRINGS = YES;
				SWIFT_VERSION = 5.0;
			};
			name = Release;
		};
		6E2303C3281934F9005815D4 /* Debug */ = {
			isa = XCBuildConfiguration;
			buildSettings = {
				ALWAYS_EMBED_SWIFT_STANDARD_LIBRARIES = YES;
				BUNDLE_LOADER = "$(TEST_HOST)";
				CODE_SIGN_STYLE = Automatic;
				CURRENT_PROJECT_VERSION = 1;
				DEVELOPMENT_TEAM = 97YH7XTK2J;
				GENERATE_INFOPLIST_FILE = YES;
				MACOSX_DEPLOYMENT_TARGET = 12.3;
				MARKETING_VERSION = 1.0;
				PRODUCT_BUNDLE_IDENTIFIER = com.pablo.penalva.ContaHomeTests;
				PRODUCT_NAME = "$(TARGET_NAME)";
				SWIFT_EMIT_LOC_STRINGS = NO;
				SWIFT_VERSION = 5.0;
				TEST_HOST = "$(BUILT_PRODUCTS_DIR)/ContaHome.app/Contents/MacOS/ContaHome";
			};
			name = Debug;
		};
		6E2303C4281934F9005815D4 /* Release */ = {
			isa = XCBuildConfiguration;
			buildSettings = {
				ALWAYS_EMBED_SWIFT_STANDARD_LIBRARIES = YES;
				BUNDLE_LOADER = "$(TEST_HOST)";
				CODE_SIGN_STYLE = Automatic;
				CURRENT_PROJECT_VERSION = 1;
				DEVELOPMENT_TEAM = 97YH7XTK2J;
				GENERATE_INFOPLIST_FILE = YES;
				MACOSX_DEPLOYMENT_TARGET = 12.3;
				MARKETING_VERSION = 1.0;
				PRODUCT_BUNDLE_IDENTIFIER = com.pablo.penalva.ContaHomeTests;
				PRODUCT_NAME = "$(TARGET_NAME)";
				SWIFT_EMIT_LOC_STRINGS = NO;
				SWIFT_VERSION = 5.0;
				TEST_HOST = "$(BUILT_PRODUCTS_DIR)/ContaHome.app/Contents/MacOS/ContaHome";
			};
			name = Release;
		};
		6E2303C6281934F9005815D4 /* Debug */ = {
			isa = XCBuildConfiguration;
			buildSettings = {
				ALWAYS_EMBED_SWIFT_STANDARD_LIBRARIES = YES;
				CODE_SIGN_STYLE = Automatic;
				CURRENT_PROJECT_VERSION = 1;
				DEVELOPMENT_TEAM = 97YH7XTK2J;
				GENERATE_INFOPLIST_FILE = YES;
				MARKETING_VERSION = 1.0;
				PRODUCT_BUNDLE_IDENTIFIER = com.pablo.penalva.ContaHomeUITests;
				PRODUCT_NAME = "$(TARGET_NAME)";
				SWIFT_EMIT_LOC_STRINGS = NO;
				SWIFT_VERSION = 5.0;
				TEST_TARGET_NAME = ContaHome;
			};
			name = Debug;
		};
		6E2303C7281934F9005815D4 /* Release */ = {
			isa = XCBuildConfiguration;
			buildSettings = {
				ALWAYS_EMBED_SWIFT_STANDARD_LIBRARIES = YES;
				CODE_SIGN_STYLE = Automatic;
				CURRENT_PROJECT_VERSION = 1;
				DEVELOPMENT_TEAM = 97YH7XTK2J;
				GENERATE_INFOPLIST_FILE = YES;
				MARKETING_VERSION = 1.0;
				PRODUCT_BUNDLE_IDENTIFIER = com.pablo.penalva.ContaHomeUITests;
				PRODUCT_NAME = "$(TARGET_NAME)";
				SWIFT_EMIT_LOC_STRINGS = NO;
				SWIFT_VERSION = 5.0;
				TEST_TARGET_NAME = ContaHome;
			};
			name = Release;
		};
/* End XCBuildConfiguration section */

/* Begin XCConfigurationList section */
		6E230395281934F7005815D4 /* Build configuration list for PBXProject "ContaHome" */ = {
			isa = XCConfigurationList;
			buildConfigurations = (
				6E2303BD281934F9005815D4 /* Debug */,
				6E2303BE281934F9005815D4 /* Release */,
			);
			defaultConfigurationIsVisible = 0;
			defaultConfigurationName = Release;
		};
		6E2303BF281934F9005815D4 /* Build configuration list for PBXNativeTarget "ContaHome" */ = {
			isa = XCConfigurationList;
			buildConfigurations = (
				6E2303C0281934F9005815D4 /* Debug */,
				6E2303C1281934F9005815D4 /* Release */,
			);
			defaultConfigurationIsVisible = 0;
			defaultConfigurationName = Release;
		};
		6E2303C2281934F9005815D4 /* Build configuration list for PBXNativeTarget "ContaHomeTests" */ = {
			isa = XCConfigurationList;
			buildConfigurations = (
				6E2303C3281934F9005815D4 /* Debug */,
				6E2303C4281934F9005815D4 /* Release */,
			);
			defaultConfigurationIsVisible = 0;
			defaultConfigurationName = Release;
		};
		6E2303C5281934F9005815D4 /* Build configuration list for PBXNativeTarget "ContaHomeUITests" */ = {
			isa = XCConfigurationList;
			buildConfigurations = (
				6E2303C6281934F9005815D4 /* Debug */,
				6E2303C7281934F9005815D4 /* Release */,
			);
			defaultConfigurationIsVisible = 0;
			defaultConfigurationName = Release;
		};
/* End XCConfigurationList section */
	};
	rootObject = 6E230392281934F7005815D4 /* Project object */;
}
